
Microsoft Visual Studio Solution File, Format Version 12.00
# Visual Studio Version 16
VisualStudioVersion = 16.0.31729.503
MinimumVisualStudioVersion = 10.0.40219.1
Project("{FAE04EC0-301F-11D3-BF4B-00C04F79EFBC}") = "TicTacToe", "TicTacToe\TicTacToe.csproj", "{FF16F341-3040-4C23-90E3-E0782A14908B}"
EndProject
Global
	GlobalSection(SolutionConfigurationPlatforms) = preSolution
		Debug|Any CPU = Debug|Any CPU
		Release|Any CPU = Release|Any CPU
	EndGlobalSection
	GlobalSection(ProjectConfigurationPlatforms) = postSolution
		{FF16F341-3040-4C23-90E3-E0782A14908B}.Debug|Any CPU.ActiveCfg = Debug|Any CPU
		{FF16F341-3040-4C23-90E3-E0782A14908B}.Debug|Any CPU.Build.0 = Debug|Any CPU
		{FF16F341-3040-4C23-90E3-E0782A14908B}.Release|Any CPU.ActiveCfg = Release|Any CPU
		{FF16F341-3040-4C23-90E3-E0782A14908B}.Release|Any CPU.Build.0 = Release|Any CPU
	EndGlobalSection
	GlobalSection(SolutionProperties) = preSolution
		HideSolutionNode = FALSE
	EndGlobalSection
	GlobalSection(ExtensibilityGlobals) = postSolution
		SolutionGuid = {05541B0C-A506-4F10-85B6-881295EC41AD}
	EndGlobalSection
EndGlobal
